
Microsoft Visual Studio Solution File, Format Version 12.00
# Visual Studio Version 17
Project("{8BC9CEB8-8B4A-11D0-8D11-00A0C91BC942}") = "ALL_BUILD", "ALL_BUILD.vcxproj", "{B645C30E-A193-3CB7-8150-7A5EEB790106}"
	ProjectSection(ProjectDependencies) = postProject
		{01F63164-BE1F-3EAC-B55E-CC9856C463C3} = {01F63164-BE1F-3EAC-B55E-CC9856C463C3}
		{248AB58D-0A27-3451-AB2F-9F4063E13A67} = {248AB58D-0A27-3451-AB2F-9F4063E13A67}
		{A9D351F8-A4DE-3400-B64E-D86C48C50593} = {A9D351F8-A4DE-3400-B64E-D86C48C50593}
		{67CF6FC0-DD81-3F6B-BB31-E02488D7E6E8} = {67CF6FC0-DD81-3F6B-BB31-E02488D7E6E8}
		{AD369C4A-DCA7-3D0B-986F-01D5ABCEABEA} = {AD369C4A-DCA7-3D0B-986F-01D5ABCEABEA}
	EndProjectSection
EndProject
Project("{8BC9CEB8-8B4A-11D0-8D11-00A0C91BC942}") = "INSTALL", "INSTALL.vcxproj", "{6781ABD9-0FB2-378E-A59C-54C1FA9F6AF6}"
	ProjectSection(ProjectDependencies) = postProject
		{B645C30E-A193-3CB7-8150-7A5EEB790106} = {B645C30E-A193-3CB7-8150-7A5EEB790106}
		{01F63164-BE1F-3EAC-B55E-CC9856C463C3} = {01F63164-BE1F-3EAC-B55E-CC9856C463C3}
	EndProjectSection
EndProject
Project("{8BC9CEB8-8B4A-11D0-8D11-00A0C91BC942}") = "ZERO_CHECK", "ZERO_CHECK.vcxproj", "{01F63164-BE1F-3EAC-B55E-CC9856C463C3}"
	ProjectSection(ProjectDependencies) = postProject
	EndProjectSection
EndProject
Project("{8BC9CEB8-8B4A-11D0-8D11-00A0C91BC942}") = "fmt", "_deps\fmt-build\fmt.vcxproj", "{248AB58D-0A27-3451-AB2F-9F4063E13A67}"
	ProjectSection(ProjectDependencies) = postProject
		{01F63164-BE1F-3EAC-B55E-CC9856C463C3} = {01F63164-BE1F-3EAC-B55E-CC9856C463C3}
	EndProjectSection
EndProject
Project("{8BC9CEB8-8B4A-11D0-8D11-00A0C91BC942}") = "occlient", "occlient.vcxproj", "{A9D351F8-A4DE-3400-B64E-D86C48C50593}"
	ProjectSection(ProjectDependencies) = postProject
		{01F63164-BE1F-3EAC-B55E-CC9856C463C3} = {01F63164-BE1F-3EAC-B55E-CC9856C463C3}
		{248AB58D-0A27-3451-AB2F-9F4063E13A67} = {248AB58D-0A27-3451-AB2F-9F4063E13A67}
		{67CF6FC0-DD81-3F6B-BB31-E02488D7E6E8} = {67CF6FC0-DD81-3F6B-BB31-E02488D7E6E8}
		{AD369C4A-DCA7-3D0B-986F-01D5ABCEABEA} = {AD369C4A-DCA7-3D0B-986F-01D5ABCEABEA}
	EndProjectSection
EndProject
Project("{8BC9CEB8-8B4A-11D0-8D11-00A0C91BC942}") = "oculus", "oculus.vcxproj", "{67CF6FC0-DD81-3F6B-BB31-E02488D7E6E8}"
	ProjectSection(ProjectDependencies) = postProject
		{01F63164-BE1F-3EAC-B55E-CC9856C463C3} = {01F63164-BE1F-3EAC-B55E-CC9856C463C3}
		{248AB58D-0A27-3451-AB2F-9F4063E13A67} = {248AB58D-0A27-3451-AB2F-9F4063E13A67}
		{AD369C4A-DCA7-3D0B-986F-01D5ABCEABEA} = {AD369C4A-DCA7-3D0B-986F-01D5ABCEABEA}
	EndProjectSection
EndProject
Project("{8BC9CEB8-8B4A-11D0-8D11-00A0C91BC942}") = "spdlog", "_deps\spdlog-build\spdlog.vcxproj", "{AD369C4A-DCA7-3D0B-986F-01D5ABCEABEA}"
	ProjectSection(ProjectDependencies) = postProject
		{01F63164-BE1F-3EAC-B55E-CC9856C463C3} = {01F63164-BE1F-3EAC-B55E-CC9856C463C3}
		{248AB58D-0A27-3451-AB2F-9F4063E13A67} = {248AB58D-0A27-3451-AB2F-9F4063E13A67}
	EndProjectSection
EndProject
Global
	GlobalSection(SolutionConfigurationPlatforms) = preSolution
		Debug|x64 = Debug|x64
		Release|x64 = Release|x64
		MinSizeRel|x64 = MinSizeRel|x64
		RelWithDebInfo|x64 = RelWithDebInfo|x64
	EndGlobalSection
	GlobalSection(ProjectConfigurationPlatforms) = postSolution
		{B645C30E-A193-3CB7-8150-7A5EEB790106}.Debug|x64.ActiveCfg = Debug|x64
		{B645C30E-A193-3CB7-8150-7A5EEB790106}.Debug|x64.Build.0 = Debug|x64
		{B645C30E-A193-3CB7-8150-7A5EEB790106}.Release|x64.ActiveCfg = Release|x64
		{B645C30E-A193-3CB7-8150-7A5EEB790106}.Release|x64.Build.0 = Release|x64
		{B645C30E-A193-3CB7-8150-7A5EEB790106}.MinSizeRel|x64.ActiveCfg = MinSizeRel|x64
		{B645C30E-A193-3CB7-8150-7A5EEB790106}.MinSizeRel|x64.Build.0 = MinSizeRel|x64
		{B645C30E-A193-3CB7-8150-7A5EEB790106}.RelWithDebInfo|x64.ActiveCfg = RelWithDebInfo|x64
		{B645C30E-A193-3CB7-8150-7A5EEB790106}.RelWithDebInfo|x64.Build.0 = RelWithDebInfo|x64
		{6781ABD9-0FB2-378E-A59C-54C1FA9F6AF6}.Debug|x64.ActiveCfg = Debug|x64
		{6781ABD9-0FB2-378E-A59C-54C1FA9F6AF6}.Release|x64.ActiveCfg = Release|x64
		{6781ABD9-0FB2-378E-A59C-54C1FA9F6AF6}.MinSizeRel|x64.ActiveCfg = MinSizeRel|x64
		{6781ABD9-0FB2-378E-A59C-54C1FA9F6AF6}.RelWithDebInfo|x64.ActiveCfg = RelWithDebInfo|x64
		{01F63164-BE1F-3EAC-B55E-CC9856C463C3}.Debug|x64.ActiveCfg = Debug|x64
		{01F63164-BE1F-3EAC-B55E-CC9856C463C3}.Debug|x64.Build.0 = Debug|x64
		{01F63164-BE1F-3EAC-B55E-CC9856C463C3}.Release|x64.ActiveCfg = Release|x64
		{01F63164-BE1F-3EAC-B55E-CC9856C463C3}.Release|x64.Build.0 = Release|x64
		{01F63164-BE1F-3EAC-B55E-CC9856C463C3}.MinSizeRel|x64.ActiveCfg = MinSizeRel|x64
		{01F63164-BE1F-3EAC-B55E-CC9856C463C3}.MinSizeRel|x64.Build.0 = MinSizeRel|x64
		{01F63164-BE1F-3EAC-B55E-CC9856C463C3}.RelWithDebInfo|x64.ActiveCfg = RelWithDebInfo|x64
		{01F63164-BE1F-3EAC-B55E-CC9856C463C3}.RelWithDebInfo|x64.Build.0 = RelWithDebInfo|x64
		{248AB58D-0A27-3451-AB2F-9F4063E13A67}.Debug|x64.ActiveCfg = Debug|x64
		{248AB58D-0A27-3451-AB2F-9F4063E13A67}.Debug|x64.Build.0 = Debug|x64
		{248AB58D-0A27-3451-AB2F-9F4063E13A67}.Release|x64.ActiveCfg = Release|x64
		{248AB58D-0A27-3451-AB2F-9F4063E13A67}.Release|x64.Build.0 = Release|x64
		{248AB58D-0A27-3451-AB2F-9F4063E13A67}.MinSizeRel|x64.ActiveCfg = MinSizeRel|x64
		{248AB58D-0A27-3451-AB2F-9F4063E13A67}.MinSizeRel|x64.Build.0 = MinSizeRel|x64
		{248AB58D-0A27-3451-AB2F-9F4063E13A67}.RelWithDebInfo|x64.ActiveCfg = RelWithDebInfo|x64
		{248AB58D-0A27-3451-AB2F-9F4063E13A67}.RelWithDebInfo|x64.Build.0 = RelWithDebInfo|x64
		{A9D351F8-A4DE-3400-B64E-D86C48C50593}.Debug|x64.ActiveCfg = Debug|x64
		{A9D351F8-A4DE-3400-B64E-D86C48C50593}.Debug|x64.Build.0 = Debug|x64
		{A9D351F8-A4DE-3400-B64E-D86C48C50593}.Release|x64.ActiveCfg = Release|x64
		{A9D351F8-A4DE-3400-B64E-D86C48C50593}.Release|x64.Build.0 = Release|x64
		{A9D351F8-A4DE-3400-B64E-D86C48C50593}.MinSizeRel|x64.ActiveCfg = MinSizeRel|x64
		{A9D351F8-A4DE-3400-B64E-D86C48C50593}.MinSizeRel|x64.Build.0 = MinSizeRel|x64
		{A9D351F8-A4DE-3400-B64E-D86C48C50593}.RelWithDebInfo|x64.ActiveCfg = RelWithDebInfo|x64
		{A9D351F8-A4DE-3400-B64E-D86C48C50593}.RelWithDebInfo|x64.Build.0 = RelWithDebInfo|x64
		{67CF6FC0-DD81-3F6B-BB31-E02488D7E6E8}.Debug|x64.ActiveCfg = Debug|x64
		{67CF6FC0-DD81-3F6B-BB31-E02488D7E6E8}.Debug|x64.Build.0 = Debug|x64
		{67CF6FC0-DD81-3F6B-BB31-E02488D7E6E8}.Release|x64.ActiveCfg = Release|x64
		{67CF6FC0-DD81-3F6B-BB31-E02488D7E6E8}.Release|x64.Build.0 = Release|x64
		{67CF6FC0-DD81-3F6B-BB31-E02488D7E6E8}.MinSizeRel|x64.ActiveCfg = MinSizeRel|x64
		{67CF6FC0-DD81-3F6B-BB31-E02488D7E6E8}.MinSizeRel|x64.Build.0 = MinSizeRel|x64
		{67CF6FC0-DD81-3F6B-BB31-E02488D7E6E8}.RelWithDebInfo|x64.ActiveCfg = RelWithDebInfo|x64
		{67CF6FC0-DD81-3F6B-BB31-E02488D7E6E8}.RelWithDebInfo|x64.Build.0 = RelWithDebInfo|x64
		{AD369C4A-DCA7-3D0B-986F-01D5ABCEABEA}.Debug|x64.ActiveCfg = Debug|x64
		{AD369C4A-DCA7-3D0B-986F-01D5ABCEABEA}.Debug|x64.Build.0 = Debug|x64
		{AD369C4A-DCA7-3D0B-986F-01D5ABCEABEA}.Release|x64.ActiveCfg = Release|x64
		{AD369C4A-DCA7-3D0B-986F-01D5ABCEABEA}.Release|x64.Build.0 = Release|x64
		{AD369C4A-DCA7-3D0B-986F-01D5ABCEABEA}.MinSizeRel|x64.ActiveCfg = MinSizeRel|x64
		{AD369C4A-DCA7-3D0B-986F-01D5ABCEABEA}.MinSizeRel|x64.Build.0 = MinSizeRel|x64
		{AD369C4A-DCA7-3D0B-986F-01D5ABCEABEA}.RelWithDebInfo|x64.ActiveCfg = RelWithDebInfo|x64
		{AD369C4A-DCA7-3D0B-986F-01D5ABCEABEA}.RelWithDebInfo|x64.Build.0 = RelWithDebInfo|x64
	EndGlobalSection
	GlobalSection(ExtensibilityGlobals) = postSolution
		SolutionGuid = {85C6E877-F90C-3D32-9CF0-E239B0E579FA}
	EndGlobalSection
	GlobalSection(ExtensibilityAddIns) = postSolution
	EndGlobalSection
EndGlobal
